GEM
  remote: https://rubygems.org/
  specs:
    bcrypt_pbkdf (1.1.2)
    chronic (0.10.2)
    ed25519 (1.4.0)
    net-scp (4.1.0)
      net-ssh (>= 2.6.5, < 8.0.0)
    net-ssh (7.3.2)
    rake (13.3.1)
    rexml (3.4.4)
    rss (0.3.2)
      rexml
    taglib-ruby (2.0.0)
    whenever (1.1.2)
      chronic (>= 0.6.3)

PLATFORMS
  arm64-darwin-24
  arm64-darwin-25
  x86_64-darwin-22
  x86_64-linux

DEPENDENCIES
  bcrypt_pbkdf
  ed25519
  net-scp
  rake
  rss
  taglib-ruby (~> 2.0.0)
  whenever

RUBY VERSION
  ruby 4.0.2

BUNDLED WITH
  4.0.6
